{
  "version": 4,
  "terraform_version": "1.12.2",
  "serial": 125,
  "lineage": "5b3c5b98-e91b-aab1-755e-b15b46be9820",
  "outputs": {
    "instace_name": {
      "value": "adrian_ec2_var_instance",
      "type": "string"
    },
    "public_DNS": {
      "value": "ec2-3-70-127-47.eu-central-1.compute.amazonaws.com",
      "type": "string"
    },
    "public_ip": {
      "value": "3.70.127.47",
      "type": "string"
    }
  },
  "resources": [
    {
      "mode": "managed",
      "type": "aws_instance",
      "name": "mi-instance-deploy",
      "provider": "provider[\"registry.terraform.io/hashicorp/aws\"]",
      "instances": [
        {
          "schema_version": 1,
          "attributes": {
            "ami": "ami-092ff8e60e2d51e19",
            "arn": "arn:aws:ec2:eu-central-1:990779328084:instance/i-03c8e4599d9d10aa5",
            "associate_public_ip_address": true,
            "availability_zone": "eu-central-1a",
            "capacity_reservation_specification": [
              {
                "capacity_reservation_preference": "open",
                "capacity_reservation_target": []
              }
            ],
            "cpu_core_count": 1,
            "cpu_options": [
              {
                "amd_sev_snp": "",
                "core_count": 1,
                "threads_per_core": 1
              }
            ],
            "cpu_threads_per_core": 1,
            "credit_specification": [
              {
                "cpu_credits": "standard"
              }
            ],
            "disable_api_stop": false,
            "disable_api_termination": false,
            "ebs_block_device": [],
            "ebs_optimized": false,
            "enable_primary_ipv6": null,
            "enclave_options": [
              {
                "enabled": false
              }
            ],
            "ephemeral_block_device": [],
            "get_password_data": false,
            "hibernation": false,
            "host_id": "",
            "host_resource_group_arn": null,
            "iam_instance_profile": "",
            "id": "i-03c8e4599d9d10aa5",
            "instance_initiated_shutdown_behavior": "stop",
            "instance_lifecycle": "",
            "instance_market_options": [],
            "instance_state": "running",
            "instance_type": "t2.micro",
            "ipv6_address_count": 0,
            "ipv6_addresses": [],
            "key_name": "nginx_server-ssh",
            "launch_template": [],
            "maintenance_options": [
              {
                "auto_recovery": "default"
              }
            ],
            "metadata_options": [
              {
                "http_endpoint": "enabled",
                "http_protocol_ipv6": "disabled",
                "http_put_response_hop_limit": 2,
                "http_tokens": "required",
                "instance_metadata_tags": "disabled"
              }
            ],
            "monitoring": false,
            "network_interface": [],
            "outpost_arn": "",
            "password_data": "",
            "placement_group": "",
            "placement_partition_number": 0,
            "primary_network_interface_id": "eni-02b4caa39673677c3",
            "private_dns": "ip-172-31-29-90.eu-central-1.compute.internal",
            "private_dns_name_options": [
              {
                "enable_resource_name_dns_a_record": false,
                "enable_resource_name_dns_aaaa_record": false,
                "hostname_type": "ip-name"
              }
            ],
            "private_ip": "172.31.29.90",
            "public_dns": "ec2-3-70-127-47.eu-central-1.compute.amazonaws.com",
            "public_ip": "3.70.127.47",
            "root_block_device": [
              {
                "delete_on_termination": true,
                "device_name": "/dev/xvda",
                "encrypted": false,
                "iops": 3000,
                "kms_key_id": "",
                "tags": {
                  "Enviroment": "Practice",
                  "Owner": "adrian@testemail.com",
                  "Project": "GitHub \u0026 LinkedIn Post",
                  "Team": "DevOps"
                },
                "tags_all": {
                  "Enviroment": "Practice",
                  "Owner": "adrian@testemail.com",
                  "Project": "GitHub \u0026 LinkedIn Post",
                  "Team": "DevOps"
                },
                "throughput": 125,
                "volume_id": "vol-010608b6420e8ccc9",
                "volume_size": 8,
                "volume_type": "gp3"
              }
            ],
            "secondary_private_ips": [],
            "security_groups": [
              "nginx_server_sg"
            ],
            "source_dest_check": true,
            "spot_instance_request_id": "",
            "subnet_id": "subnet-0e83c9d9c451e74ab",
            "tags": {
              "Name": "adrian_ec2_var_instance"
            },
            "tags_all": {
              "Enviroment": "Practice",
              "Name": "adrian_ec2_var_instance",
              "Owner": "adrian@testemail.com",
              "Project": "GitHub \u0026 LinkedIn Post",
              "Team": "DevOps"
            },
            "tenancy": "default",
            "timeouts": null,
            "user_data": "c6f4b8c398eb1140582aff5327a9240895b00d4c",
            "user_data_base64": null,
            "user_data_replace_on_change": false,
            "volume_tags": null,
            "vpc_security_group_ids": [
              "sg-0ad357340e0ac5907"
            ]
          },
          "sensitive_attributes": [],
          "identity_schema_version": 0,
          "private": "eyJlMmJmYjczMC1lY2FhLTExZTYtOGY4OC0zNDM2M2JjN2M0YzAiOnsiY3JlYXRlIjo2MDAwMDAwMDAwMDAsImRlbGV0ZSI6MTIwMDAwMDAwMDAwMCwicmVhZCI6OTAwMDAwMDAwMDAwLCJ1cGRhdGUiOjYwMDAwMDAwMDAwMH0sInNjaGVtYV92ZXJzaW9uIjoiMSJ9",
          "dependencies": [
            "aws_key_pair.nginx-server-ssh",
            "aws_security_group.nginx_server_sg"
          ]
        }
      ]
    },
    {
      "mode": "managed",
      "type": "aws_key_pair",
      "name": "nginx-server-ssh",
      "provider": "provider[\"registry.terraform.io/hashicorp/aws\"]",
      "instances": [
        {
          "schema_version": 1,
          "attributes": {
            "arn": "arn:aws:ec2:eu-central-1:990779328084:key-pair/nginx_server-ssh",
            "fingerprint": "ee:98:d5:42:27:77:09:7a:f8:2f:48:08:5f:4d:c8:60",
            "id": "nginx_server-ssh",
            "key_name": "nginx_server-ssh",
            "key_name_prefix": "",
            "key_pair_id": "key-0e9bffec2a2d67f82",
            "key_type": "rsa",
            "public_key": "ssh-rsa AAAAB3NzaC1yc2EAAAADAQABAAABAQCp47AJ2vnfK2GGw2wvgOa1/wR6SEzrvCO4EcmNCuiwdj1b4Z3Ul+JT1BqYw4I5jORIHEKTDGeDykwBYQfX+bYK2nnOWtU05ihwMUwwwqZNhY2lQRcx5SIVtZ5Qti9p13sdk0RiwgLwlpWswvjzr8mvk3PaD0tK80t4y6Oxz93BvRuzQfTql3cZyLjFS4NH1JSIJnHiYDne4NUqy6Xo4lS1AT5lt9C/2jPQWHLkDGfsZrE6C8L6JscQ3lih4eQyuVAO0GVUal7ItQE+FPjiwPSJ6EB6vM+DQCSPh55x9c/qLyibKPsB/22frjggCaJsc0IxcebmRc1dsPexuJWGZ7Jn adri@DESKTOP-0A8RR9Q",
            "tags": null,
            "tags_all": {
              "Enviroment": "Practice",
              "Owner": "adrian@testemail.com",
              "Project": "GitHub \u0026 LinkedIn Post",
              "Team": "DevOps"
            }
          },
          "sensitive_attributes": [],
          "identity_schema_version": 0,
          "private": "eyJzY2hlbWFfdmVyc2lvbiI6IjEifQ=="
        }
      ]
    },
    {
      "mode": "managed",
      "type": "aws_security_group",
      "name": "nginx_server_sg",
      "provider": "provider[\"registry.terraform.io/hashicorp/aws\"]",
      "instances": [
        {
          "schema_version": 1,
          "attributes": {
            "arn": "arn:aws:ec2:eu-central-1:990779328084:security-group/sg-0ad357340e0ac5907",
            "description": "Security groups allow http \u0026 ssh access",
            "egress": [
              {
                "cidr_blocks": [
                  "0.0.0.0/0"
                ],
                "description": "",
                "from_port": 0,
                "ipv6_cidr_blocks": [],
                "prefix_list_ids": [],
                "protocol": "-1",
                "security_groups": [],
                "self": false,
                "to_port": 0
              }
            ],
            "id": "sg-0ad357340e0ac5907",
            "ingress": [
              {
                "cidr_blocks": [
                  "0.0.0.0/0"
                ],
                "description": "",
                "from_port": 22,
                "ipv6_cidr_blocks": [],
                "prefix_list_ids": [],
                "protocol": "tcp",
                "security_groups": [],
                "self": false,
                "to_port": 22
              },
              {
                "cidr_blocks": [
                  "0.0.0.0/0"
                ],
                "description": "",
                "from_port": 80,
                "ipv6_cidr_blocks": [],
                "prefix_list_ids": [],
                "protocol": "tcp",
                "security_groups": [],
                "self": false,
                "to_port": 80
              }
            ],
            "name": "nginx_server_sg",
            "name_prefix": "",
            "owner_id": "990779328084",
            "revoke_rules_on_delete": false,
            "tags": null,
            "tags_all": {
              "Enviroment": "Practice",
              "Owner": "adrian@testemail.com",
              "Project": "GitHub \u0026 LinkedIn Post",
              "Team": "DevOps"
            },
            "timeouts": null,
            "vpc_id": "vpc-0b54888a2c06672e7"
          },
          "sensitive_attributes": [],
          "identity_schema_version": 0,
          "private": "eyJlMmJmYjczMC1lY2FhLTExZTYtOGY4OC0zNDM2M2JjN2M0YzAiOnsiY3JlYXRlIjo2MDAwMDAwMDAwMDAsImRlbGV0ZSI6OTAwMDAwMDAwMDAwfSwic2NoZW1hX3ZlcnNpb24iOiIxIn0="
        }
      ]
    }
  ],
  "check_results": null
}
